{
  "name": "PredictModFork",
  "lockfileVersion": 2,
  "requires": true,
  "packages": {
    "": {
      "name": "PredictModFork",
      "dependencies": {
        "vue-low-code": "^1.0.35"
      }
    },
    "node_modules/@mdi/font": {
      "version": "4.9.95",
      "resolved": "https://registry.npmjs.org/@mdi/font/-/font-4.9.95.tgz",
      "integrity": "sha512-m2sbAs+SMwRnWpkMriBxEulwuhmqRyh6X+hdOZlqSxYZUM2C2TaDnQ4gcilzdoAgru2XYnWViZ/xPuSDGgRXVw=="
    },
    "node_modules/vue-low-code": {
      "version": "1.0.35",
      "resolved": "https://registry.npmjs.org/vue-low-code/-/vue-low-code-1.0.35.tgz",
      "integrity": "sha512-BqkYh96YP+MiquLiNjRYUB+axHKTzeCabcIRzMjU+s4pWUnzHlMbsILx1BlitDQFq6HaQ4fcc77K+Phia0gyBQ==",
      "dependencies": {
        "@mdi/font": "^4.9.95"
      }
    }
  },
  "dependencies": {
    "@mdi/font": {
      "version": "4.9.95",
      "resolved": "https://registry.npmjs.org/@mdi/font/-/font-4.9.95.tgz",
      "integrity": "sha512-m2sbAs+SMwRnWpkMriBxEulwuhmqRyh6X+hdOZlqSxYZUM2C2TaDnQ4gcilzdoAgru2XYnWViZ/xPuSDGgRXVw=="
    },
    "vue-low-code": {
      "version": "1.0.35",
      "resolved": "https://registry.npmjs.org/vue-low-code/-/vue-low-code-1.0.35.tgz",
      "integrity": "sha512-BqkYh96YP+MiquLiNjRYUB+axHKTzeCabcIRzMjU+s4pWUnzHlMbsILx1BlitDQFq6HaQ4fcc77K+Phia0gyBQ==",
      "requires": {
        "@mdi/font": "^4.9.95"
      }
    }
  }
}
